
Microsoft Visual Studio Solution File, Format Version 11.00
# Visual Studio 2010
Project("{F184B08F-C81C-45F6-A57F-5ABD9991F28F}") = "IcarusIDE", "IcarusIDE\IcarusIDE.vbproj", "{CCF1D124-DF9F-405E-9BA2-D1435E63451C}"
EndProject
Global
	GlobalSection(SolutionConfigurationPlatforms) = preSolution
		Debug|x86 = Debug|x86
		Release|x86 = Release|x86
	EndGlobalSection
	GlobalSection(ProjectConfigurationPlatforms) = postSolution
		{CCF1D124-DF9F-405E-9BA2-D1435E63451C}.Debug|x86.ActiveCfg = Debug|x86
		{CCF1D124-DF9F-405E-9BA2-D1435E63451C}.Debug|x86.Build.0 = Debug|x86
		{CCF1D124-DF9F-405E-9BA2-D1435E63451C}.Release|x86.ActiveCfg = Release|x86
		{CCF1D124-DF9F-405E-9BA2-D1435E63451C}.Release|x86.Build.0 = Release|x86
	EndGlobalSection
	GlobalSection(SolutionProperties) = preSolution
		HideSolutionNode = FALSE
	EndGlobalSection
EndGlobal
